
Microsoft Visual Studio Solution File, Format Version 12.00
# Visual Studio Version 17
VisualStudioVersion = 17.7.34202.233
MinimumVisualStudioVersion = 10.0.40219.1
Project("{9A19103F-16F7-4668-BE54-9A1E7A4F7556}") = "Primes", "Primes\Primes.csproj", "{F197D14D-2A8D-499E-82F8-71D5ACD61689}"
EndProject
Project("{FAE04EC0-301F-11D3-BF4B-00C04F79EFBC}") = "UnitTests", "UnitTests\UnitTests.csproj", "{45B3E866-0299-495C-87D1-1D9576B7E6A9}"
EndProject
Global
	GlobalSection(SolutionConfigurationPlatforms) = preSolution
		Debug|Any CPU = Debug|Any CPU
		Release|Any CPU = Release|Any CPU
	EndGlobalSection
	GlobalSection(ProjectConfigurationPlatforms) = postSolution
		{F197D14D-2A8D-499E-82F8-71D5ACD61689}.Debug|Any CPU.ActiveCfg = Debug|Any CPU
		{F197D14D-2A8D-499E-82F8-71D5ACD61689}.Debug|Any CPU.Build.0 = Debug|Any CPU
		{F197D14D-2A8D-499E-82F8-71D5ACD61689}.Release|Any CPU.ActiveCfg = Release|Any CPU
		{F197D14D-2A8D-499E-82F8-71D5ACD61689}.Release|Any CPU.Build.0 = Release|Any CPU
		{45B3E866-0299-495C-87D1-1D9576B7E6A9}.Debug|Any CPU.ActiveCfg = Debug|Any CPU
		{45B3E866-0299-495C-87D1-1D9576B7E6A9}.Debug|Any CPU.Build.0 = Debug|Any CPU
		{45B3E866-0299-495C-87D1-1D9576B7E6A9}.Release|Any CPU.ActiveCfg = Release|Any CPU
		{45B3E866-0299-495C-87D1-1D9576B7E6A9}.Release|Any CPU.Build.0 = Release|Any CPU
	EndGlobalSection
	GlobalSection(SolutionProperties) = preSolution
		HideSolutionNode = FALSE
	EndGlobalSection
	GlobalSection(ExtensibilityGlobals) = postSolution
		SolutionGuid = {E9D21EC6-4394-4983-9EA4-E84FB3A475F6}
	EndGlobalSection
EndGlobal
